
Microsoft Visual Studio Solution File, Format Version 12.00
# Visual Studio Version 17
VisualStudioVersion = 17.4.33122.133
MinimumVisualStudioVersion = 10.0.40219.1
Project("{9A19103F-16F7-4668-BE54-9A1E7A4F7556}") = "MyFirstMVCoreApp", "MyFirstMVCoreApp\MyFirstMVCoreApp.csproj", "{3D158FAC-915B-421A-91B6-74609406035B}"
EndProject
Project("{9A19103F-16F7-4668-BE54-9A1E7A4F7556}") = "LinqDemos", "LinqDemos\LinqDemos.csproj", "{B26975FF-3DFE-49E2-A6D0-BC7D25988CCA}"
EndProject
Project("{9A19103F-16F7-4668-BE54-9A1E7A4F7556}") = "MVCUsingADODotnet", "MVCUsingADODotnet\MVCUsingADODotnet.csproj", "{DD8838C7-B581-4A98-9C5A-A8D94E254316}"
EndProject
Project("{FAE04EC0-301F-11D3-BF4B-00C04F79EFBC}") = "ScaffFoldCRUDDemo", "ScaffFoldCRUDDemo\ScaffFoldCRUDDemo.csproj", "{A20CBC97-3A17-4C87-A950-674C79156E84}"
EndProject
Project("{FAE04EC0-301F-11D3-BF4B-00C04F79EFBC}") = "MVCCoreEFCodeFirstDemo", "MVCCoreEFCodeFirstDemo\MVCCoreEFCodeFirstDemo.csproj", "{6B612FAB-84B9-44AE-AC12-16DA75111E81}"
EndProject
Global
	GlobalSection(SolutionConfigurationPlatforms) = preSolution
		Debug|Any CPU = Debug|Any CPU
		Release|Any CPU = Release|Any CPU
	EndGlobalSection
	GlobalSection(ProjectConfigurationPlatforms) = postSolution
		{3D158FAC-915B-421A-91B6-74609406035B}.Debug|Any CPU.ActiveCfg = Debug|Any CPU
		{3D158FAC-915B-421A-91B6-74609406035B}.Debug|Any CPU.Build.0 = Debug|Any CPU
		{3D158FAC-915B-421A-91B6-74609406035B}.Release|Any CPU.ActiveCfg = Release|Any CPU
		{3D158FAC-915B-421A-91B6-74609406035B}.Release|Any CPU.Build.0 = Release|Any CPU
		{B26975FF-3DFE-49E2-A6D0-BC7D25988CCA}.Debug|Any CPU.ActiveCfg = Debug|Any CPU
		{B26975FF-3DFE-49E2-A6D0-BC7D25988CCA}.Debug|Any CPU.Build.0 = Debug|Any CPU
		{B26975FF-3DFE-49E2-A6D0-BC7D25988CCA}.Release|Any CPU.ActiveCfg = Release|Any CPU
		{B26975FF-3DFE-49E2-A6D0-BC7D25988CCA}.Release|Any CPU.Build.0 = Release|Any CPU
		{DD8838C7-B581-4A98-9C5A-A8D94E254316}.Debug|Any CPU.ActiveCfg = Debug|Any CPU
		{DD8838C7-B581-4A98-9C5A-A8D94E254316}.Debug|Any CPU.Build.0 = Debug|Any CPU
		{DD8838C7-B581-4A98-9C5A-A8D94E254316}.Release|Any CPU.ActiveCfg = Release|Any CPU
		{DD8838C7-B581-4A98-9C5A-A8D94E254316}.Release|Any CPU.Build.0 = Release|Any CPU
		{A20CBC97-3A17-4C87-A950-674C79156E84}.Debug|Any CPU.ActiveCfg = Debug|Any CPU
		{A20CBC97-3A17-4C87-A950-674C79156E84}.Debug|Any CPU.Build.0 = Debug|Any CPU
		{A20CBC97-3A17-4C87-A950-674C79156E84}.Release|Any CPU.ActiveCfg = Release|Any CPU
		{A20CBC97-3A17-4C87-A950-674C79156E84}.Release|Any CPU.Build.0 = Release|Any CPU
		{6B612FAB-84B9-44AE-AC12-16DA75111E81}.Debug|Any CPU.ActiveCfg = Debug|Any CPU
		{6B612FAB-84B9-44AE-AC12-16DA75111E81}.Debug|Any CPU.Build.0 = Debug|Any CPU
		{6B612FAB-84B9-44AE-AC12-16DA75111E81}.Release|Any CPU.ActiveCfg = Release|Any CPU
		{6B612FAB-84B9-44AE-AC12-16DA75111E81}.Release|Any CPU.Build.0 = Release|Any CPU
	EndGlobalSection
	GlobalSection(SolutionProperties) = preSolution
		HideSolutionNode = FALSE
	EndGlobalSection
	GlobalSection(ExtensibilityGlobals) = postSolution
		SolutionGuid = {FF4F86F3-8315-47CD-8785-22B3775F9CA0}
	EndGlobalSection
EndGlobal
